
Microsoft Visual Studio Solution File, Format Version 12.00
# Visual Studio Version 17
VisualStudioVersion = 17.1.32319.34
MinimumVisualStudioVersion = 10.0.40219.1
Project("{FAE04EC0-301F-11D3-BF4B-00C04F79EFBC}") = "CasaNacionalJudo.App", "CasaNacionalJudo.App\CasaNacionalJudo.App.csproj", "{C4B59BC2-E645-4039-8F34-0A275D61B318}"
EndProject
Project("{FAE04EC0-301F-11D3-BF4B-00C04F79EFBC}") = "CasaNacionalJudo.Repository", "CasaNacionalJudo.Repository\CasaNacionalJudo.Repository.csproj", "{A08648BA-EE2C-467D-9C26-8C9F08B318BE}"
EndProject
Project("{FAE04EC0-301F-11D3-BF4B-00C04F79EFBC}") = "CasaNacionalJudo.Core", "CasaNacionalJudo.Core\CasaNacionalJudo.Core.csproj", "{22F826CD-5B31-4E9D-AD4D-DFE50495C33F}"
EndProject
Project("{FAE04EC0-301F-11D3-BF4B-00C04F79EFBC}") = "CasaNacionalJudo.Service", "CasaNacionalJudo.Service\CasaNacionalJudo.Service.csproj", "{20020F5F-B6DD-464E-93E1-2BDCB75A8E4B}"
EndProject
Global
	GlobalSection(SolutionConfigurationPlatforms) = preSolution
		Debug|Any CPU = Debug|Any CPU
		Release|Any CPU = Release|Any CPU
	EndGlobalSection
	GlobalSection(ProjectConfigurationPlatforms) = postSolution
		{C4B59BC2-E645-4039-8F34-0A275D61B318}.Debug|Any CPU.ActiveCfg = Debug|Any CPU
		{C4B59BC2-E645-4039-8F34-0A275D61B318}.Debug|Any CPU.Build.0 = Debug|Any CPU
		{C4B59BC2-E645-4039-8F34-0A275D61B318}.Release|Any CPU.ActiveCfg = Release|Any CPU
		{C4B59BC2-E645-4039-8F34-0A275D61B318}.Release|Any CPU.Build.0 = Release|Any CPU
		{A08648BA-EE2C-467D-9C26-8C9F08B318BE}.Debug|Any CPU.ActiveCfg = Debug|Any CPU
		{A08648BA-EE2C-467D-9C26-8C9F08B318BE}.Debug|Any CPU.Build.0 = Debug|Any CPU
		{A08648BA-EE2C-467D-9C26-8C9F08B318BE}.Release|Any CPU.ActiveCfg = Release|Any CPU
		{A08648BA-EE2C-467D-9C26-8C9F08B318BE}.Release|Any CPU.Build.0 = Release|Any CPU
		{22F826CD-5B31-4E9D-AD4D-DFE50495C33F}.Debug|Any CPU.ActiveCfg = Debug|Any CPU
		{22F826CD-5B31-4E9D-AD4D-DFE50495C33F}.Debug|Any CPU.Build.0 = Debug|Any CPU
		{22F826CD-5B31-4E9D-AD4D-DFE50495C33F}.Release|Any CPU.ActiveCfg = Release|Any CPU
		{22F826CD-5B31-4E9D-AD4D-DFE50495C33F}.Release|Any CPU.Build.0 = Release|Any CPU
		{20020F5F-B6DD-464E-93E1-2BDCB75A8E4B}.Debug|Any CPU.ActiveCfg = Debug|Any CPU
		{20020F5F-B6DD-464E-93E1-2BDCB75A8E4B}.Debug|Any CPU.Build.0 = Debug|Any CPU
		{20020F5F-B6DD-464E-93E1-2BDCB75A8E4B}.Release|Any CPU.ActiveCfg = Release|Any CPU
		{20020F5F-B6DD-464E-93E1-2BDCB75A8E4B}.Release|Any CPU.Build.0 = Release|Any CPU
	EndGlobalSection
	GlobalSection(SolutionProperties) = preSolution
		HideSolutionNode = FALSE
	EndGlobalSection
	GlobalSection(ExtensibilityGlobals) = postSolution
		SolutionGuid = {95CEF9B5-EA82-4870-8AA1-FA6348F08923}
	EndGlobalSection
EndGlobal
